github.com/felixge/httpsnoop v1.0.1 h1:lvB5Jl89CsZtGIWuTcDM1E/vkVs49/Ml7JJe07l8SPQ=
github.com/felixge/httpsnoop v1.0.1/go.mod h1:m8KPJKqk1gH5J9DgRY2ASl2lWCfGKXixSwevea8zH2U=
github.com/google/uuid v1.3.0 h1:t6JiXgmwXMjEs8VusXIJk2BXHsn+wx8BZdTaoZ5fu7I=
github.com/google/uuid v1.3.0/go.mod h1:TIyPZe4MgqvfeYDBFedMoGGpEw/LqOeaOT+nhxU+yHo=
github.com/gorilla/handlers v1.5.1 h1:9lRY6j8DEeeBT10CvO9hGW0gmky0BprnvDI5vfhUHH4=
github.com/gorilla/handlers v1.5.1/go.mod h1:t8XrUpc4KVXb7HGyJ4/cEnwQiaxrX/hz1Zv/4g96P1Q=
github.com/gorilla/mux v1.8.0 h1:i40aqfkR1h2SlN9hojwV5ZA91wcXFOvkdNIeFDP5koI=
github.com/gorilla/mux v1.8.0/go.mod h1:DVbg23sWSpFRCP0SfiEN6jmj59UnW/n46BH5rLB71So=
github.com/pip-services3-gox/pip-services3-commons-gox v1.0.7 h1:VMqDkHl1Zp+qY/r80UHWuvPckxcfp6BstgfolGQ3cjc=
github.com/pip-services3-gox/pip-services3-commons-gox v1.0.7/go.mod h1:XOODsMiG196E8/Uo4tRDqjHH3bGZ9ZfcZhKS+BSznOY=
github.com/pip-services3-gox/pip-services3-components-gox v1.0.7 h1:tro7B7/LqjHYRHL1TtjEt1Mswj8OeOrlgSyqPIpCh+Q=
github.com/pip-services3-gox/pip-services3-components-gox v1.0.7/go.mod h1:5tP0iG3jnXta6lKC5kBnJ1Bx8A4QIWrL5955QsbzJzM=
github.com/pip-services3-gox/pip-services3-rpc-gox v1.0.3 h1:oMeXP43WjCRieVmheX6IYM96exOGLL+X91AWBUP2+3g=
github.com/pip-services3-gox/pip-services3-rpc-gox v1.0.3/go.mod h1:hA4wLgXWulv2Sri6QX1EfXdOj+A0tE+C38K8M8JECcs=
github.com/rakyll/statik v0.1.7 h1:OF3QCZUuyPxuGEP7B4ypUa7sB/iHtqOTDYZXGM8KOdQ=
github.com/rakyll/statik v0.1.7/go.mod h1:AlZONWzMtEnMs7W4e/1LURLiI49pIMmp6V9Unghqrcc=
